
Microsoft Visual Studio Solution File, Format Version 12.00
# Visual Studio Version 16
VisualStudioVersion = 25.0.1706.4
MinimumVisualStudioVersion = 10.0.40219.1
Project("{FAE04EC0-301F-11D3-BF4B-00C04F79EFBC}") = "PortfolioProject", "PortfolioProject\PortfolioProject.csproj", "{FA6AB4FB-2B20-4DA5-A2F0-F273FE6E1CF2}"
EndProject
Project("{FAE04EC0-301F-11D3-BF4B-00C04F79EFBC}") = "BusinessLayer", "BusinessLayer\BusinessLayer.csproj", "{9DED3069-CC6F-4E8A-8B2C-24D8D31296E8}"
EndProject
Project("{FAE04EC0-301F-11D3-BF4B-00C04F79EFBC}") = "DataAccessLayer", "DataAccessLayer\DataAccessLayer.csproj", "{7E101C29-C996-4265-BF76-92FE200CB9D7}"
EndProject
Project("{FAE04EC0-301F-11D3-BF4B-00C04F79EFBC}") = "EntityLayer", "EntityLayer\EntityLayer.csproj", "{6C310E4B-6ADD-4FD4-987A-43BFE5FDE8B6}"
EndProject
Global
	GlobalSection(SolutionConfigurationPlatforms) = preSolution
		Debug|Any CPU = Debug|Any CPU
		Release|Any CPU = Release|Any CPU
	EndGlobalSection
	GlobalSection(ProjectConfigurationPlatforms) = postSolution
		{FA6AB4FB-2B20-4DA5-A2F0-F273FE6E1CF2}.Debug|Any CPU.ActiveCfg = Debug|Any CPU
		{FA6AB4FB-2B20-4DA5-A2F0-F273FE6E1CF2}.Debug|Any CPU.Build.0 = Debug|Any CPU
		{FA6AB4FB-2B20-4DA5-A2F0-F273FE6E1CF2}.Release|Any CPU.ActiveCfg = Release|Any CPU
		{FA6AB4FB-2B20-4DA5-A2F0-F273FE6E1CF2}.Release|Any CPU.Build.0 = Release|Any CPU
		{9DED3069-CC6F-4E8A-8B2C-24D8D31296E8}.Debug|Any CPU.ActiveCfg = Debug|Any CPU
		{9DED3069-CC6F-4E8A-8B2C-24D8D31296E8}.Debug|Any CPU.Build.0 = Debug|Any CPU
		{9DED3069-CC6F-4E8A-8B2C-24D8D31296E8}.Release|Any CPU.ActiveCfg = Release|Any CPU
		{9DED3069-CC6F-4E8A-8B2C-24D8D31296E8}.Release|Any CPU.Build.0 = Release|Any CPU
		{7E101C29-C996-4265-BF76-92FE200CB9D7}.Debug|Any CPU.ActiveCfg = Debug|Any CPU
		{7E101C29-C996-4265-BF76-92FE200CB9D7}.Debug|Any CPU.Build.0 = Debug|Any CPU
		{7E101C29-C996-4265-BF76-92FE200CB9D7}.Release|Any CPU.ActiveCfg = Release|Any CPU
		{7E101C29-C996-4265-BF76-92FE200CB9D7}.Release|Any CPU.Build.0 = Release|Any CPU
		{6C310E4B-6ADD-4FD4-987A-43BFE5FDE8B6}.Debug|Any CPU.ActiveCfg = Debug|Any CPU
		{6C310E4B-6ADD-4FD4-987A-43BFE5FDE8B6}.Debug|Any CPU.Build.0 = Debug|Any CPU
		{6C310E4B-6ADD-4FD4-987A-43BFE5FDE8B6}.Release|Any CPU.ActiveCfg = Release|Any CPU
		{6C310E4B-6ADD-4FD4-987A-43BFE5FDE8B6}.Release|Any CPU.Build.0 = Release|Any CPU
	EndGlobalSection
	GlobalSection(SolutionProperties) = preSolution
		HideSolutionNode = FALSE
	EndGlobalSection
	GlobalSection(ExtensibilityGlobals) = postSolution
		SolutionGuid = {6CC629C6-ACA1-449B-BD29-5E777AE0AE7B}
	EndGlobalSection
EndGlobal
